
Microsoft Visual Studio Solution File, Format Version 11.00
# Visual Studio 2010
Project("{2150E333-8FDC-42A3-9474-1A3956D46DE8}") = "Desktop", "Desktop", "{D88496A8-597C-4383-808B-6DFA83DF1832}"
EndProject
Project("{2150E333-8FDC-42A3-9474-1A3956D46DE8}") = "Silverlight", "Silverlight", "{2F4011EA-71F2-4461-A9B1-572EC5486048}"
EndProject
Project("{2150E333-8FDC-42A3-9474-1A3956D46DE8}") = "CompositeApplicationLibrary", "CompositeApplicationLibrary", "{39F3F6E4-929E-4917-925B-47FCDF2BD987}"
EndProject
Project("{2150E333-8FDC-42A3-9474-1A3956D46DE8}") = "CompositeApplicationLibrary", "CompositeApplicationLibrary", "{3965DBAA-7D7C-4161-A9F4-2BDBA7BF36B6}"
EndProject
Project("{2150E333-8FDC-42A3-9474-1A3956D46DE8}") = "Unit Tests", "Unit Tests", "{FF2704D3-3B9F-41A3-A86F-E32C5900CD25}"
EndProject
Project("{2150E333-8FDC-42A3-9474-1A3956D46DE8}") = "_StockTraderRI Common", "_StockTraderRI Common", "{AA6791F0-2989-4626-8981-F8935F6D501E}"
EndProject
Project("{2150E333-8FDC-42A3-9474-1A3956D46DE8}") = "Modules", "Modules", "{0A8F9AA8-7336-4DA1-8C98-D91A6730AA0E}"
EndProject
Project("{2150E333-8FDC-42A3-9474-1A3956D46DE8}") = "Unit Tests", "Unit Tests", "{FD261570-D19B-4FE1-8C58-B93B30B3343D}"
EndProject
Project("{2150E333-8FDC-42A3-9474-1A3956D46DE8}") = "_StockTraderRI Common", "_StockTraderRI Common", "{59F08761-1D6C-4EC9-AA5A-BE7F76EF4287}"
EndProject
Project("{2150E333-8FDC-42A3-9474-1A3956D46DE8}") = "Modules", "Modules", "{ABD14DAB-9E59-4FFB-A495-6EFAAA8334BE}"
EndProject
Project("{FAE04EC0-301F-11D3-BF4B-00C04F79EFBC}") = "StockTraderRI.Silverlight", "Silverlight\StockTraderRI\StockTraderRI.Silverlight.csproj", "{E0BF33AE-7326-4ABA-BE99-326FF19DA49D}"
EndProject
Project("{FAE04EC0-301F-11D3-BF4B-00C04F79EFBC}") = "StockTraderRI", "Desktop\StockTraderRI\StockTraderRI.csproj", "{3487B9D4-AFAB-4E82-A0F6-2BEE3C013BBB}"
EndProject
Project("{FAE04EC0-301F-11D3-BF4B-00C04F79EFBC}") = "Composite.Desktop", "..\CAL\Desktop\Composite\Composite.Desktop.csproj", "{77138947-1D13-4E22-AEE0-5D0DD046CA34}"
EndProject
Project("{FAE04EC0-301F-11D3-BF4B-00C04F79EFBC}") = "Composite.Desktop.Tests", "..\CAL\Desktop\Composite.Tests\Composite.Desktop.Tests.csproj", "{7DB8E74D-214F-4840-B294-58372D369958}"
EndProject
Project("{FAE04EC0-301F-11D3-BF4B-00C04F79EFBC}") = "Composite.UnityExtensions.Desktop", "..\CAL\Desktop\Composite.UnityExtensions\Composite.UnityExtensions.Desktop.csproj", "{17831F3B-6B82-4916-BD2B-2CE2071EA622}"
EndProject
Project("{FAE04EC0-301F-11D3-BF4B-00C04F79EFBC}") = "Composite.UnityExtensions.Desktop.Tests", "..\CAL\Desktop\Composite.UnityExtensions.Tests\Composite.UnityExtensions.Desktop.Tests.csproj", "{75511F4B-2602-4623-945C-AF8156B51F4E}"
EndProject
Project("{FAE04EC0-301F-11D3-BF4B-00C04F79EFBC}") = "Composite.Presentation.Desktop", "..\CAL\Desktop\Composite.Presentation\Composite.Presentation.Desktop.csproj", "{F807062D-6FC9-4FF0-A9F5-5F94653EDC4D}"
EndProject
Project("{FAE04EC0-301F-11D3-BF4B-00C04F79EFBC}") = "Composite.Presentation.Desktop.Tests", "..\CAL\Desktop\Composite.Presentation.Tests\Composite.Presentation.Desktop.Tests.csproj", "{BBC4F378-C99A-4F50-B0E6-E3B97B9F22CC}"
EndProject
Project("{FAE04EC0-301F-11D3-BF4B-00C04F79EFBC}") = "Composite.Silverlight", "..\CAL\Silverlight\Composite\Composite.Silverlight.csproj", "{CC79289A-2563-40B8-895C-3CDA56BA4956}"
EndProject
Project("{FAE04EC0-301F-11D3-BF4B-00C04F79EFBC}") = "Composite.Silverlight.Tests", "..\CAL\Silverlight\Composite.Tests\Composite.Silverlight.Tests.csproj", "{948D0452-B1DF-473B-A616-EC7259F1C0FC}"
EndProject
Project("{FAE04EC0-301F-11D3-BF4B-00C04F79EFBC}") = "Composite.UnityExtensions.Silverlight", "..\CAL\Silverlight\Composite.UnityExtensions\Composite.UnityExtensions.Silverlight.csproj", "{BFEE6E53-23C2-46BB-8E6B-AE6398F39BB5}"
EndProject
Project("{FAE04EC0-301F-11D3-BF4B-00C04F79EFBC}") = "Composite.UnityExtensions.Silverlight.Tests", "..\CAL\Silverlight\Composite.UnityExtensions.Tests\Composite.UnityExtensions.Silverlight.Tests.csproj", "{0CA04DAA-ABFF-4B5B-856B-243383E5351D}"
EndProject
Project("{FAE04EC0-301F-11D3-BF4B-00C04F79EFBC}") = "StockTraderRI.Infrastructure", "Desktop\StockTraderRI.Infrastructure\StockTraderRI.Infrastructure.csproj", "{0A123C1B-F316-447D-99A5-44CCF8023683}"
EndProject
Project("{FAE04EC0-301F-11D3-BF4B-00C04F79EFBC}") = "StockTraderRI.Modules.Market", "Desktop\StockTraderRI.Modules.Market\StockTraderRI.Modules.Market.csproj", "{65E5631B-965B-4E16-9B98-6DCAE79B0D85}"
EndProject
Project("{FAE04EC0-301F-11D3-BF4B-00C04F79EFBC}") = "StockTraderRI.Modules.News", "Desktop\StockTraderRI.Modules.News\StockTraderRI.Modules.News.csproj", "{2B892495-7440-44D4-87F7-C7ABB42740A8}"
EndProject
Project("{FAE04EC0-301F-11D3-BF4B-00C04F79EFBC}") = "StockTraderRI.Modules.Position", "Desktop\StockTraderRI.Modules.Position\StockTraderRI.Modules.Position.csproj", "{46F2DA52-ACB0-4183-912F-7CC29971ED50}"
EndProject
Project("{FAE04EC0-301F-11D3-BF4B-00C04F79EFBC}") = "StockTraderRI.Modules.Watch", "Desktop\StockTraderRI.Modules.WatchList\StockTraderRI.Modules.Watch.csproj", "{78621307-C67F-4C61-96AA-7EE4B3C08620}"
EndProject
Project("{FAE04EC0-301F-11D3-BF4B-00C04F79EFBC}") = "StockTraderRI.Infrastructure.Tests", "Desktop\StockTraderRI.Infrastructure.Tests\StockTraderRI.Infrastructure.Tests.csproj", "{51B1879C-B50F-444E-BCB6-2A103C24E4ED}"
EndProject
Project("{FAE04EC0-301F-11D3-BF4B-00C04F79EFBC}") = "StockTraderRI.Modules.Market.Tests", "Desktop\StockTraderRI.Modules.Market.Tests\StockTraderRI.Modules.Market.Tests.csproj", "{DEFED0C8-EBCF-491A-892E-212B8A963268}"
EndProject
Project("{FAE04EC0-301F-11D3-BF4B-00C04F79EFBC}") = "StockTraderRI.Modules.News.Tests", "Desktop\StockTraderRI.Modules.News.Tests\StockTraderRI.Modules.News.Tests.csproj", "{F176D436-B909-417F-B46D-9877CC9A57C7}"
EndProject
Project("{FAE04EC0-301F-11D3-BF4B-00C04F79EFBC}") = "StockTraderRI.Modules.Position.Tests", "Desktop\StockTraderRI.Modules.Position.Tests\StockTraderRI.Modules.Position.Tests.csproj", "{02C15B36-49C4-4C98-81EE-DFACA87FD965}"
EndProject
Project("{FAE04EC0-301F-11D3-BF4B-00C04F79EFBC}") = "StockTraderRI.Modules.Watch.Tests", "Desktop\StockTraderRI.Modules.WatchList.Tests\StockTraderRI.Modules.Watch.Tests.csproj", "{58F5A2E4-4BD3-407F-9BF2-7ECAC7FDB045}"
EndProject
Project("{FAE04EC0-301F-11D3-BF4B-00C04F79EFBC}") = "StockTraderRI.ChartControls", "..\ChartControls\StockTraderRI.ChartControls.csproj", "{CBF8605C-8DAC-4CBB-9A1E-D798D83B277E}"
EndProject
Project("{FAE04EC0-301F-11D3-BF4B-00C04F79EFBC}") = "StockTraderRI.Infrastructure.Silverlight", "Silverlight\StockTraderRI.Infrastructure.Silverlight\StockTraderRI.Infrastructure.Silverlight.csproj", "{1C3517FB-89B0-4726-9D78-3C7E28C9E49E}"
EndProject
Project("{FAE04EC0-301F-11D3-BF4B-00C04F79EFBC}") = "StockTraderRI.Infrastructure.Silverlight.Tests", "Silverlight\StockTraderRI.Infrastructure.Silverlight.Tests\StockTraderRI.Infrastructure.Silverlight.Tests.csproj", "{724CD24D-23ED-4E9E-9683-49BCBCFBC63F}"
EndProject
Project("{FAE04EC0-301F-11D3-BF4B-00C04F79EFBC}") = "Composite.Presentation.Silverlight", "..\CAL\Silverlight\Composite.Presentation\Composite.Presentation.Silverlight.csproj", "{E0D65CA9-810F-4FEC-9CB8-D8943FF28A9D}"
EndProject
Project("{FAE04EC0-301F-11D3-BF4B-00C04F79EFBC}") = "StockTraderRI.Modules.Position.Silverlight", "Silverlight\StockTraderRI.Modules.Position.Silverlight\StockTraderRI.Modules.Position.Silverlight.csproj", "{C349EEAC-B1CB-4D24-AB88-F89B08A16C4D}"
EndProject
Project("{FAE04EC0-301F-11D3-BF4B-00C04F79EFBC}") = "StockTraderRI.Modules.Position.Silverlight.Tests", "Silverlight\StockTraderRI.Modules.Position.Silverlight.Tests\StockTraderRI.Modules.Position.Silverlight.Tests.csproj", "{20D0EB67-CE28-4AD7-B519-E47E4F2C27DE}"
EndProject
Project("{FAE04EC0-301F-11D3-BF4B-00C04F79EFBC}") = "Composite.Presentation.Silverlight.Tests", "..\CAL\Silverlight\Composite.Presentation.Tests\Composite.Presentation.Silverlight.Tests.csproj", "{CD653E0D-E36A-4B68-8DC3-3112E4E4C1B3}"
EndProject
Project("{FAE04EC0-301F-11D3-BF4B-00C04F79EFBC}") = "StockTraderRI.Modules.Market.Silverlight", "Silverlight\StockTraderRI.Modules.Market.Silverlight\StockTraderRI.Modules.Market.Silverlight.csproj", "{BAB29346-94D9-47AC-80DD-7C0647D0F812}"
EndProject
Project("{FAE04EC0-301F-11D3-BF4B-00C04F79EFBC}") = "StockTraderRI.Modules.Market.Silverlight.Tests", "Silverlight\StockTraderRI.Modules.Market.Silverlight.Tests\StockTraderRI.Modules.Market.Silverlight.Tests.csproj", "{BDA95C8F-FA1F-4C5A-AB2E-BD3F98AB9871}"
EndProject
Project("{FAE04EC0-301F-11D3-BF4B-00C04F79EFBC}") = "StockTraderRI.Modules.Watch.Silverlight", "Silverlight\StockTraderRI.Modules.Watch.Silverlight\StockTraderRI.Modules.Watch.Silverlight.csproj", "{D2D61AF1-2564-47F3-AD4F-91DBC33126E1}"
EndProject
Project("{FAE04EC0-301F-11D3-BF4B-00C04F79EFBC}") = "StockTraderRI.Modules.Watch.Silverlight.Tests", "Silverlight\StockTraderRI.Modules.Watch.Silverlight.Tests\StockTraderRI.Modules.Watch.Silverlight.Tests.csproj", "{8B0C262A-0D3D-4469-8D2D-8F0332BEC7FF}"
EndProject
Project("{FAE04EC0-301F-11D3-BF4B-00C04F79EFBC}") = "StockTraderRI.Modules.News.Silverlight", "Silverlight\StockTraderRI.Modules.News.Silverlight\StockTraderRI.Modules.News.Silverlight.csproj", "{75977CB7-2058-448C-8A53-D1C81FA39046}"
EndProject
Project("{FAE04EC0-301F-11D3-BF4B-00C04F79EFBC}") = "StockTraderRI.Modules.News.Silverlight.Tests", "Silverlight\StockTraderRI.Modules.News.Silverlight.Tests\StockTraderRI.Modules.News.Silverlight.Tests.csproj", "{FABC6C24-FD43-46D9-B348-9A4950C2B5CC}"
EndProject
Project("{FAE04EC0-301F-11D3-BF4B-00C04F79EFBC}") = "Composite.TestSupport", "..\CAL\Desktop\Composite.TestSupport\Composite.TestSupport.csproj", "{D1C75DE6-CB2B-401A-985C-033C4FABAD84}"
EndProject
Project("{FAE04EC0-301F-11D3-BF4B-00C04F79EFBC}") = "Composite.Silverlight.TestSupport", "..\CAL\Silverlight\Composite.TestSupport\Composite.Silverlight.TestSupport.csproj", "{6B49E97E-944C-40C9-B0C7-369C2B195D98}"
EndProject
Global
	GlobalSection(SolutionConfigurationPlatforms) = preSolution
		Debug|Any CPU = Debug|Any CPU
		Release|Any CPU = Release|Any CPU
	EndGlobalSection
	GlobalSection(ProjectConfigurationPlatforms) = postSolution
		{E0BF33AE-7326-4ABA-BE99-326FF19DA49D}.Debug|Any CPU.ActiveCfg = Debug|Any CPU
		{E0BF33AE-7326-4ABA-BE99-326FF19DA49D}.Debug|Any CPU.Build.0 = Debug|Any CPU
		{E0BF33AE-7326-4ABA-BE99-326FF19DA49D}.Release|Any CPU.ActiveCfg = Release|Any CPU
		{E0BF33AE-7326-4ABA-BE99-326FF19DA49D}.Release|Any CPU.Build.0 = Release|Any CPU
		{3487B9D4-AFAB-4E82-A0F6-2BEE3C013BBB}.Debug|Any CPU.ActiveCfg = Debug|Any CPU
		{3487B9D4-AFAB-4E82-A0F6-2BEE3C013BBB}.Debug|Any CPU.Build.0 = Debug|Any CPU
		{3487B9D4-AFAB-4E82-A0F6-2BEE3C013BBB}.Release|Any CPU.ActiveCfg = Release|Any CPU
		{3487B9D4-AFAB-4E82-A0F6-2BEE3C013BBB}.Release|Any CPU.Build.0 = Release|Any CPU
		{77138947-1D13-4E22-AEE0-5D0DD046CA34}.Debug|Any CPU.ActiveCfg = Debug|Any CPU
		{77138947-1D13-4E22-AEE0-5D0DD046CA34}.Debug|Any CPU.Build.0 = Debug|Any CPU
		{77138947-1D13-4E22-AEE0-5D0DD046CA34}.Release|Any CPU.ActiveCfg = Release|Any CPU
		{77138947-1D13-4E22-AEE0-5D0DD046CA34}.Release|Any CPU.Build.0 = Release|Any CPU
		{7DB8E74D-214F-4840-B294-58372D369958}.Debug|Any CPU.ActiveCfg = Debug|Any CPU
		{7DB8E74D-214F-4840-B294-58372D369958}.Debug|Any CPU.Build.0 = Debug|Any CPU
		{7DB8E74D-214F-4840-B294-58372D369958}.Release|Any CPU.ActiveCfg = Release|Any CPU
		{7DB8E74D-214F-4840-B294-58372D369958}.Release|Any CPU.Build.0 = Release|Any CPU
		{17831F3B-6B82-4916-BD2B-2CE2071EA622}.Debug|Any CPU.ActiveCfg = Debug|Any CPU
		{17831F3B-6B82-4916-BD2B-2CE2071EA622}.Debug|Any CPU.Build.0 = Debug|Any CPU
		{17831F3B-6B82-4916-BD2B-2CE2071EA622}.Release|Any CPU.ActiveCfg = Release|Any CPU
		{17831F3B-6B82-4916-BD2B-2CE2071EA622}.Release|Any CPU.Build.0 = Release|Any CPU
		{75511F4B-2602-4623-945C-AF8156B51F4E}.Debug|Any CPU.ActiveCfg = Debug|Any CPU
		{75511F4B-2602-4623-945C-AF8156B51F4E}.Debug|Any CPU.Build.0 = Debug|Any CPU
		{75511F4B-2602-4623-945C-AF8156B51F4E}.Release|Any CPU.ActiveCfg = Release|Any CPU
		{75511F4B-2602-4623-945C-AF8156B51F4E}.Release|Any CPU.Build.0 = Release|Any CPU
		{F807062D-6FC9-4FF0-A9F5-5F94653EDC4D}.Debug|Any CPU.ActiveCfg = Debug|Any CPU
		{F807062D-6FC9-4FF0-A9F5-5F94653EDC4D}.Debug|Any CPU.Build.0 = Debug|Any CPU
		{F807062D-6FC9-4FF0-A9F5-5F94653EDC4D}.Release|Any CPU.ActiveCfg = Release|Any CPU
		{F807062D-6FC9-4FF0-A9F5-5F94653EDC4D}.Release|Any CPU.Build.0 = Release|Any CPU
		{BBC4F378-C99A-4F50-B0E6-E3B97B9F22CC}.Debug|Any CPU.ActiveCfg = Debug|Any CPU
		{BBC4F378-C99A-4F50-B0E6-E3B97B9F22CC}.Debug|Any CPU.Build.0 = Debug|Any CPU
		{BBC4F378-C99A-4F50-B0E6-E3B97B9F22CC}.Release|Any CPU.ActiveCfg = Release|Any CPU
		{BBC4F378-C99A-4F50-B0E6-E3B97B9F22CC}.Release|Any CPU.Build.0 = Release|Any CPU
		{CC79289A-2563-40B8-895C-3CDA56BA4956}.Debug|Any CPU.ActiveCfg = Debug|Any CPU
		{CC79289A-2563-40B8-895C-3CDA56BA4956}.Debug|Any CPU.Build.0 = Debug|Any CPU
		{CC79289A-2563-40B8-895C-3CDA56BA4956}.Release|Any CPU.ActiveCfg = Release|Any CPU
		{CC79289A-2563-40B8-895C-3CDA56BA4956}.Release|Any CPU.Build.0 = Release|Any CPU
		{948D0452-B1DF-473B-A616-EC7259F1C0FC}.Debug|Any CPU.ActiveCfg = Debug|Any CPU
		{948D0452-B1DF-473B-A616-EC7259F1C0FC}.Debug|Any CPU.Build.0 = Debug|Any CPU
		{948D0452-B1DF-473B-A616-EC7259F1C0FC}.Release|Any CPU.ActiveCfg = Release|Any CPU
		{948D0452-B1DF-473B-A616-EC7259F1C0FC}.Release|Any CPU.Build.0 = Release|Any CPU
		{BFEE6E53-23C2-46BB-8E6B-AE6398F39BB5}.Debug|Any CPU.ActiveCfg = Debug|Any CPU
		{BFEE6E53-23C2-46BB-8E6B-AE6398F39BB5}.Debug|Any CPU.Build.0 = Debug|Any CPU
		{BFEE6E53-23C2-46BB-8E6B-AE6398F39BB5}.Release|Any CPU.ActiveCfg = Release|Any CPU
		{BFEE6E53-23C2-46BB-8E6B-AE6398F39BB5}.Release|Any CPU.Build.0 = Release|Any CPU
		{0CA04DAA-ABFF-4B5B-856B-243383E5351D}.Debug|Any CPU.ActiveCfg = Debug|Any CPU
		{0CA04DAA-ABFF-4B5B-856B-243383E5351D}.Debug|Any CPU.Build.0 = Debug|Any CPU
		{0CA04DAA-ABFF-4B5B-856B-243383E5351D}.Release|Any CPU.ActiveCfg = Release|Any CPU
		{0CA04DAA-ABFF-4B5B-856B-243383E5351D}.Release|Any CPU.Build.0 = Release|Any CPU
		{0A123C1B-F316-447D-99A5-44CCF8023683}.Debug|Any CPU.ActiveCfg = Debug|Any CPU
		{0A123C1B-F316-447D-99A5-44CCF8023683}.Debug|Any CPU.Build.0 = Debug|Any CPU
		{0A123C1B-F316-447D-99A5-44CCF8023683}.Release|Any CPU.ActiveCfg = Release|Any CPU
		{0A123C1B-F316-447D-99A5-44CCF8023683}.Release|Any CPU.Build.0 = Release|Any CPU
		{65E5631B-965B-4E16-9B98-6DCAE79B0D85}.Debug|Any CPU.ActiveCfg = Debug|Any CPU
		{65E5631B-965B-4E16-9B98-6DCAE79B0D85}.Debug|Any CPU.Build.0 = Debug|Any CPU
		{65E5631B-965B-4E16-9B98-6DCAE79B0D85}.Release|Any CPU.ActiveCfg = Release|Any CPU
		{65E5631B-965B-4E16-9B98-6DCAE79B0D85}.Release|Any CPU.Build.0 = Release|Any CPU
		{2B892495-7440-44D4-87F7-C7ABB42740A8}.Debug|Any CPU.ActiveCfg = Debug|Any CPU
		{2B892495-7440-44D4-87F7-C7ABB42740A8}.Debug|Any CPU.Build.0 = Debug|Any CPU
		{2B892495-7440-44D4-87F7-C7ABB42740A8}.Release|Any CPU.ActiveCfg = Release|Any CPU
		{2B892495-7440-44D4-87F7-C7ABB42740A8}.Release|Any CPU.Build.0 = Release|Any CPU
		{46F2DA52-ACB0-4183-912F-7CC29971ED50}.Debug|Any CPU.ActiveCfg = Debug|Any CPU
		{46F2DA52-ACB0-4183-912F-7CC29971ED50}.Debug|Any CPU.Build.0 = Debug|Any CPU
		{46F2DA52-ACB0-4183-912F-7CC29971ED50}.Release|Any CPU.ActiveCfg = Release|Any CPU
		{46F2DA52-ACB0-4183-912F-7CC29971ED50}.Release|Any CPU.Build.0 = Release|Any CPU
		{78621307-C67F-4C61-96AA-7EE4B3C08620}.Debug|Any CPU.ActiveCfg = Debug|Any CPU
		{78621307-C67F-4C61-96AA-7EE4B3C08620}.Debug|Any CPU.Build.0 = Debug|Any CPU
		{78621307-C67F-4C61-96AA-7EE4B3C08620}.Release|Any CPU.ActiveCfg = Release|Any CPU
		{78621307-C67F-4C61-96AA-7EE4B3C08620}.Release|Any CPU.Build.0 = Release|Any CPU
		{51B1879C-B50F-444E-BCB6-2A103C24E4ED}.Debug|Any CPU.ActiveCfg = Debug|Any CPU
		{51B1879C-B50F-444E-BCB6-2A103C24E4ED}.Debug|Any CPU.Build.0 = Debug|Any CPU
		{51B1879C-B50F-444E-BCB6-2A103C24E4ED}.Release|Any CPU.ActiveCfg = Release|Any CPU
		{51B1879C-B50F-444E-BCB6-2A103C24E4ED}.Release|Any CPU.Build.0 = Release|Any CPU
		{DEFED0C8-EBCF-491A-892E-212B8A963268}.Debug|Any CPU.ActiveCfg = Debug|Any CPU
		{DEFED0C8-EBCF-491A-892E-212B8A963268}.Debug|Any CPU.Build.0 = Debug|Any CPU
		{DEFED0C8-EBCF-491A-892E-212B8A963268}.Release|Any CPU.ActiveCfg = Release|Any CPU
		{DEFED0C8-EBCF-491A-892E-212B8A963268}.Release|Any CPU.Build.0 = Release|Any CPU
		{F176D436-B909-417F-B46D-9877CC9A57C7}.Debug|Any CPU.ActiveCfg = Debug|Any CPU
		{F176D436-B909-417F-B46D-9877CC9A57C7}.Debug|Any CPU.Build.0 = Debug|Any CPU
		{F176D436-B909-417F-B46D-9877CC9A57C7}.Release|Any CPU.ActiveCfg = Release|Any CPU
		{F176D436-B909-417F-B46D-9877CC9A57C7}.Release|Any CPU.Build.0 = Release|Any CPU
		{02C15B36-49C4-4C98-81EE-DFACA87FD965}.Debug|Any CPU.ActiveCfg = Debug|Any CPU
		{02C15B36-49C4-4C98-81EE-DFACA87FD965}.Debug|Any CPU.Build.0 = Debug|Any CPU
		{02C15B36-49C4-4C98-81EE-DFACA87FD965}.Release|Any CPU.ActiveCfg = Release|Any CPU
		{02C15B36-49C4-4C98-81EE-DFACA87FD965}.Release|Any CPU.Build.0 = Release|Any CPU
		{58F5A2E4-4BD3-407F-9BF2-7ECAC7FDB045}.Debug|Any CPU.ActiveCfg = Debug|Any CPU
		{58F5A2E4-4BD3-407F-9BF2-7ECAC7FDB045}.Debug|Any CPU.Build.0 = Debug|Any CPU
		{58F5A2E4-4BD3-407F-9BF2-7ECAC7FDB045}.Release|Any CPU.ActiveCfg = Release|Any CPU
		{58F5A2E4-4BD3-407F-9BF2-7ECAC7FDB045}.Release|Any CPU.Build.0 = Release|Any CPU
		{CBF8605C-8DAC-4CBB-9A1E-D798D83B277E}.Debug|Any CPU.ActiveCfg = Debug|Any CPU
		{CBF8605C-8DAC-4CBB-9A1E-D798D83B277E}.Debug|Any CPU.Build.0 = Debug|Any CPU
		{CBF8605C-8DAC-4CBB-9A1E-D798D83B277E}.Release|Any CPU.ActiveCfg = Release|Any CPU
		{CBF8605C-8DAC-4CBB-9A1E-D798D83B277E}.Release|Any CPU.Build.0 = Release|Any CPU
		{1C3517FB-89B0-4726-9D78-3C7E28C9E49E}.Debug|Any CPU.ActiveCfg = Debug|Any CPU
		{1C3517FB-89B0-4726-9D78-3C7E28C9E49E}.Debug|Any CPU.Build.0 = Debug|Any CPU
		{1C3517FB-89B0-4726-9D78-3C7E28C9E49E}.Release|Any CPU.ActiveCfg = Release|Any CPU
		{1C3517FB-89B0-4726-9D78-3C7E28C9E49E}.Release|Any CPU.Build.0 = Release|Any CPU
		{724CD24D-23ED-4E9E-9683-49BCBCFBC63F}.Debug|Any CPU.ActiveCfg = Debug|Any CPU
		{724CD24D-23ED-4E9E-9683-49BCBCFBC63F}.Debug|Any CPU.Build.0 = Debug|Any CPU
		{724CD24D-23ED-4E9E-9683-49BCBCFBC63F}.Release|Any CPU.ActiveCfg = Release|Any CPU
		{724CD24D-23ED-4E9E-9683-49BCBCFBC63F}.Release|Any CPU.Build.0 = Release|Any CPU
		{E0D65CA9-810F-4FEC-9CB8-D8943FF28A9D}.Debug|Any CPU.ActiveCfg = Debug|Any CPU
		{E0D65CA9-810F-4FEC-9CB8-D8943FF28A9D}.Debug|Any CPU.Build.0 = Debug|Any CPU
		{E0D65CA9-810F-4FEC-9CB8-D8943FF28A9D}.Release|Any CPU.ActiveCfg = Release|Any CPU
		{E0D65CA9-810F-4FEC-9CB8-D8943FF28A9D}.Release|Any CPU.Build.0 = Release|Any CPU
		{C349EEAC-B1CB-4D24-AB88-F89B08A16C4D}.Debug|Any CPU.ActiveCfg = Debug|Any CPU
		{C349EEAC-B1CB-4D24-AB88-F89B08A16C4D}.Debug|Any CPU.Build.0 = Debug|Any CPU
		{C349EEAC-B1CB-4D24-AB88-F89B08A16C4D}.Release|Any CPU.ActiveCfg = Release|Any CPU
		{C349EEAC-B1CB-4D24-AB88-F89B08A16C4D}.Release|Any CPU.Build.0 = Release|Any CPU
		{20D0EB67-CE28-4AD7-B519-E47E4F2C27DE}.Debug|Any CPU.ActiveCfg = Debug|Any CPU
		{20D0EB67-CE28-4AD7-B519-E47E4F2C27DE}.Debug|Any CPU.Build.0 = Debug|Any CPU
		{20D0EB67-CE28-4AD7-B519-E47E4F2C27DE}.Release|Any CPU.ActiveCfg = Release|Any CPU
		{20D0EB67-CE28-4AD7-B519-E47E4F2C27DE}.Release|Any CPU.Build.0 = Release|Any CPU
		{CD653E0D-E36A-4B68-8DC3-3112E4E4C1B3}.Debug|Any CPU.ActiveCfg = Debug|Any CPU
		{CD653E0D-E36A-4B68-8DC3-3112E4E4C1B3}.Debug|Any CPU.Build.0 = Debug|Any CPU
		{CD653E0D-E36A-4B68-8DC3-3112E4E4C1B3}.Release|Any CPU.ActiveCfg = Release|Any CPU
		{CD653E0D-E36A-4B68-8DC3-3112E4E4C1B3}.Release|Any CPU.Build.0 = Release|Any CPU
		{BAB29346-94D9-47AC-80DD-7C0647D0F812}.Debug|Any CPU.ActiveCfg = Debug|Any CPU
		{BAB29346-94D9-47AC-80DD-7C0647D0F812}.Debug|Any CPU.Build.0 = Debug|Any CPU
		{BAB29346-94D9-47AC-80DD-7C0647D0F812}.Release|Any CPU.ActiveCfg = Release|Any CPU
		{BAB29346-94D9-47AC-80DD-7C0647D0F812}.Release|Any CPU.Build.0 = Release|Any CPU
		{BDA95C8F-FA1F-4C5A-AB2E-BD3F98AB9871}.Debug|Any CPU.ActiveCfg = Debug|Any CPU
		{BDA95C8F-FA1F-4C5A-AB2E-BD3F98AB9871}.Debug|Any CPU.Build.0 = Debug|Any CPU
		{BDA95C8F-FA1F-4C5A-AB2E-BD3F98AB9871}.Release|Any CPU.ActiveCfg = Release|Any CPU
		{BDA95C8F-FA1F-4C5A-AB2E-BD3F98AB9871}.Release|Any CPU.Build.0 = Release|Any CPU
		{D2D61AF1-2564-47F3-AD4F-91DBC33126E1}.Debug|Any CPU.ActiveCfg = Debug|Any CPU
		{D2D61AF1-2564-47F3-AD4F-91DBC33126E1}.Debug|Any CPU.Build.0 = Debug|Any CPU
		{D2D61AF1-2564-47F3-AD4F-91DBC33126E1}.Release|Any CPU.ActiveCfg = Release|Any CPU
		{D2D61AF1-2564-47F3-AD4F-91DBC33126E1}.Release|Any CPU.Build.0 = Release|Any CPU
		{8B0C262A-0D3D-4469-8D2D-8F0332BEC7FF}.Debug|Any CPU.ActiveCfg = Debug|Any CPU
		{8B0C262A-0D3D-4469-8D2D-8F0332BEC7FF}.Debug|Any CPU.Build.0 = Debug|Any CPU
		{8B0C262A-0D3D-4469-8D2D-8F0332BEC7FF}.Release|Any CPU.ActiveCfg = Release|Any CPU
		{8B0C262A-0D3D-4469-8D2D-8F0332BEC7FF}.Release|Any CPU.Build.0 = Release|Any CPU
		{75977CB7-2058-448C-8A53-D1C81FA39046}.Debug|Any CPU.ActiveCfg = Debug|Any CPU
		{75977CB7-2058-448C-8A53-D1C81FA39046}.Debug|Any CPU.Build.0 = Debug|Any CPU
		{75977CB7-2058-448C-8A53-D1C81FA39046}.Release|Any CPU.ActiveCfg = Release|Any CPU
		{75977CB7-2058-448C-8A53-D1C81FA39046}.Release|Any CPU.Build.0 = Release|Any CPU
		{FABC6C24-FD43-46D9-B348-9A4950C2B5CC}.Debug|Any CPU.ActiveCfg = Debug|Any CPU
		{FABC6C24-FD43-46D9-B348-9A4950C2B5CC}.Debug|Any CPU.Build.0 = Debug|Any CPU
		{FABC6C24-FD43-46D9-B348-9A4950C2B5CC}.Release|Any CPU.ActiveCfg = Release|Any CPU
		{FABC6C24-FD43-46D9-B348-9A4950C2B5CC}.Release|Any CPU.Build.0 = Release|Any CPU
		{D1C75DE6-CB2B-401A-985C-033C4FABAD84}.Debug|Any CPU.ActiveCfg = Debug|Any CPU
		{D1C75DE6-CB2B-401A-985C-033C4FABAD84}.Debug|Any CPU.Build.0 = Debug|Any CPU
		{D1C75DE6-CB2B-401A-985C-033C4FABAD84}.Release|Any CPU.ActiveCfg = Release|Any CPU
		{D1C75DE6-CB2B-401A-985C-033C4FABAD84}.Release|Any CPU.Build.0 = Release|Any CPU
		{6B49E97E-944C-40C9-B0C7-369C2B195D98}.Debug|Any CPU.ActiveCfg = Debug|Any CPU
		{6B49E97E-944C-40C9-B0C7-369C2B195D98}.Debug|Any CPU.Build.0 = Debug|Any CPU
		{6B49E97E-944C-40C9-B0C7-369C2B195D98}.Release|Any CPU.ActiveCfg = Release|Any CPU
		{6B49E97E-944C-40C9-B0C7-369C2B195D98}.Release|Any CPU.Build.0 = Release|Any CPU
	EndGlobalSection
	GlobalSection(SolutionProperties) = preSolution
		HideSolutionNode = FALSE
	EndGlobalSection
	GlobalSection(NestedProjects) = preSolution
		{39F3F6E4-929E-4917-925B-47FCDF2BD987} = {D88496A8-597C-4383-808B-6DFA83DF1832}
		{FF2704D3-3B9F-41A3-A86F-E32C5900CD25} = {D88496A8-597C-4383-808B-6DFA83DF1832}
		{AA6791F0-2989-4626-8981-F8935F6D501E} = {D88496A8-597C-4383-808B-6DFA83DF1832}
		{0A8F9AA8-7336-4DA1-8C98-D91A6730AA0E} = {D88496A8-597C-4383-808B-6DFA83DF1832}
		{3487B9D4-AFAB-4E82-A0F6-2BEE3C013BBB} = {D88496A8-597C-4383-808B-6DFA83DF1832}
		{3965DBAA-7D7C-4161-A9F4-2BDBA7BF36B6} = {2F4011EA-71F2-4461-A9B1-572EC5486048}
		{FD261570-D19B-4FE1-8C58-B93B30B3343D} = {2F4011EA-71F2-4461-A9B1-572EC5486048}
		{59F08761-1D6C-4EC9-AA5A-BE7F76EF4287} = {2F4011EA-71F2-4461-A9B1-572EC5486048}
		{ABD14DAB-9E59-4FFB-A495-6EFAAA8334BE} = {2F4011EA-71F2-4461-A9B1-572EC5486048}
		{E0BF33AE-7326-4ABA-BE99-326FF19DA49D} = {2F4011EA-71F2-4461-A9B1-572EC5486048}
		{77138947-1D13-4E22-AEE0-5D0DD046CA34} = {39F3F6E4-929E-4917-925B-47FCDF2BD987}
		{17831F3B-6B82-4916-BD2B-2CE2071EA622} = {39F3F6E4-929E-4917-925B-47FCDF2BD987}
		{F807062D-6FC9-4FF0-A9F5-5F94653EDC4D} = {39F3F6E4-929E-4917-925B-47FCDF2BD987}
		{CC79289A-2563-40B8-895C-3CDA56BA4956} = {3965DBAA-7D7C-4161-A9F4-2BDBA7BF36B6}
		{BFEE6E53-23C2-46BB-8E6B-AE6398F39BB5} = {3965DBAA-7D7C-4161-A9F4-2BDBA7BF36B6}
		{E0D65CA9-810F-4FEC-9CB8-D8943FF28A9D} = {3965DBAA-7D7C-4161-A9F4-2BDBA7BF36B6}
		{7DB8E74D-214F-4840-B294-58372D369958} = {FF2704D3-3B9F-41A3-A86F-E32C5900CD25}
		{75511F4B-2602-4623-945C-AF8156B51F4E} = {FF2704D3-3B9F-41A3-A86F-E32C5900CD25}
		{BBC4F378-C99A-4F50-B0E6-E3B97B9F22CC} = {FF2704D3-3B9F-41A3-A86F-E32C5900CD25}
		{51B1879C-B50F-444E-BCB6-2A103C24E4ED} = {FF2704D3-3B9F-41A3-A86F-E32C5900CD25}
		{DEFED0C8-EBCF-491A-892E-212B8A963268} = {FF2704D3-3B9F-41A3-A86F-E32C5900CD25}
		{F176D436-B909-417F-B46D-9877CC9A57C7} = {FF2704D3-3B9F-41A3-A86F-E32C5900CD25}
		{02C15B36-49C4-4C98-81EE-DFACA87FD965} = {FF2704D3-3B9F-41A3-A86F-E32C5900CD25}
		{58F5A2E4-4BD3-407F-9BF2-7ECAC7FDB045} = {FF2704D3-3B9F-41A3-A86F-E32C5900CD25}
		{D1C75DE6-CB2B-401A-985C-033C4FABAD84} = {FF2704D3-3B9F-41A3-A86F-E32C5900CD25}
		{0A123C1B-F316-447D-99A5-44CCF8023683} = {AA6791F0-2989-4626-8981-F8935F6D501E}
		{CBF8605C-8DAC-4CBB-9A1E-D798D83B277E} = {AA6791F0-2989-4626-8981-F8935F6D501E}
		{65E5631B-965B-4E16-9B98-6DCAE79B0D85} = {0A8F9AA8-7336-4DA1-8C98-D91A6730AA0E}
		{2B892495-7440-44D4-87F7-C7ABB42740A8} = {0A8F9AA8-7336-4DA1-8C98-D91A6730AA0E}
		{46F2DA52-ACB0-4183-912F-7CC29971ED50} = {0A8F9AA8-7336-4DA1-8C98-D91A6730AA0E}
		{78621307-C67F-4C61-96AA-7EE4B3C08620} = {0A8F9AA8-7336-4DA1-8C98-D91A6730AA0E}
		{948D0452-B1DF-473B-A616-EC7259F1C0FC} = {FD261570-D19B-4FE1-8C58-B93B30B3343D}
		{0CA04DAA-ABFF-4B5B-856B-243383E5351D} = {FD261570-D19B-4FE1-8C58-B93B30B3343D}
		{724CD24D-23ED-4E9E-9683-49BCBCFBC63F} = {FD261570-D19B-4FE1-8C58-B93B30B3343D}
		{20D0EB67-CE28-4AD7-B519-E47E4F2C27DE} = {FD261570-D19B-4FE1-8C58-B93B30B3343D}
		{CD653E0D-E36A-4B68-8DC3-3112E4E4C1B3} = {FD261570-D19B-4FE1-8C58-B93B30B3343D}
		{BDA95C8F-FA1F-4C5A-AB2E-BD3F98AB9871} = {FD261570-D19B-4FE1-8C58-B93B30B3343D}
		{8B0C262A-0D3D-4469-8D2D-8F0332BEC7FF} = {FD261570-D19B-4FE1-8C58-B93B30B3343D}
		{FABC6C24-FD43-46D9-B348-9A4950C2B5CC} = {FD261570-D19B-4FE1-8C58-B93B30B3343D}
		{6B49E97E-944C-40C9-B0C7-369C2B195D98} = {FD261570-D19B-4FE1-8C58-B93B30B3343D}
		{1C3517FB-89B0-4726-9D78-3C7E28C9E49E} = {59F08761-1D6C-4EC9-AA5A-BE7F76EF4287}
		{C349EEAC-B1CB-4D24-AB88-F89B08A16C4D} = {ABD14DAB-9E59-4FFB-A495-6EFAAA8334BE}
		{BAB29346-94D9-47AC-80DD-7C0647D0F812} = {ABD14DAB-9E59-4FFB-A495-6EFAAA8334BE}
		{D2D61AF1-2564-47F3-AD4F-91DBC33126E1} = {ABD14DAB-9E59-4FFB-A495-6EFAAA8334BE}
		{75977CB7-2058-448C-8A53-D1C81FA39046} = {ABD14DAB-9E59-4FFB-A495-6EFAAA8334BE}
	EndGlobalSection
EndGlobal
