
Microsoft Visual Studio Solution File, Format Version 11.00
# Visual Studio 2010
Project("{FAE04EC0-301F-11D3-BF4B-00C04F79EFBC}") = "ModularityWithMef.Silverlight.Web", "ModularityWithMef.Silverlight.Web\ModularityWithMef.Silverlight.Web.csproj", "{88956FB4-4336-4A35-8A93-9FAC148518BB}"
EndProject
Project("{FAE04EC0-301F-11D3-BF4B-00C04F79EFBC}") = "ModularityWithMef.Silverlight", "ModularityWithMef.Silverlight\ModularityWithMef.Silverlight.csproj", "{41F01C5A-A5E0-4D86-86B0-CAADA3DDCFF2}"
EndProject
Project("{2150E333-8FDC-42A3-9474-1A3956D46DE8}") = "CAL", "CAL", "{22291E18-C83D-47AC-80E4-0689063C5B68}"
EndProject
Project("{FAE04EC0-301F-11D3-BF4B-00C04F79EFBC}") = "Composite.MefExtensions.Silverlight", "..\..\..\..\CAL\Silverlight\Composite.MefExtensions\Composite.MefExtensions.Silverlight.csproj", "{064AB5E3-6931-4505-A766-5D80963D6F1C}"
EndProject
Project("{FAE04EC0-301F-11D3-BF4B-00C04F79EFBC}") = "Composite.Silverlight", "..\..\..\..\CAL\Silverlight\Composite\Composite.Silverlight.csproj", "{CC79289A-2563-40B8-895C-3CDA56BA4956}"
EndProject
Project("{FAE04EC0-301F-11D3-BF4B-00C04F79EFBC}") = "Composite.Presentation.Silverlight", "..\..\..\..\CAL\Silverlight\Composite.Presentation\Composite.Presentation.Silverlight.csproj", "{E0D65CA9-810F-4FEC-9CB8-D8943FF28A9D}"
EndProject
Project("{FAE04EC0-301F-11D3-BF4B-00C04F79EFBC}") = "ModuleA", "ModuleA\ModuleA.csproj", "{19AB48B0-82F2-473A-9670-6A9DCEF79D85}"
EndProject
Project("{FAE04EC0-301F-11D3-BF4B-00C04F79EFBC}") = "ModuleTracking", "ModuleTracking\ModuleTracking.csproj", "{2A9D519F-7219-46E0-9BFC-D7BCCB2BF9CB}"
EndProject
Project("{FAE04EC0-301F-11D3-BF4B-00C04F79EFBC}") = "ModuleC", "ModuleC\ModuleC.csproj", "{FF677971-895C-4F00-BF0A-E876928D2BCC}"
EndProject
Project("{FAE04EC0-301F-11D3-BF4B-00C04F79EFBC}") = "ModuleB", "ModuleB\ModuleB.csproj", "{58655F1D-59BD-4E64-A0E9-B7FCF7A6BFA8}"
EndProject
Project("{FAE04EC0-301F-11D3-BF4B-00C04F79EFBC}") = "ModuleD", "ModuleD\ModuleD.csproj", "{D75BB2E9-59A6-4485-B8A4-849938BA39EE}"
EndProject
Project("{FAE04EC0-301F-11D3-BF4B-00C04F79EFBC}") = "ModuleE", "ModuleE\ModuleE.csproj", "{3606F033-DE84-4990-86D7-CB61956F5952}"
EndProject
Project("{FAE04EC0-301F-11D3-BF4B-00C04F79EFBC}") = "ModuleF", "ModuleF\ModuleF.csproj", "{D2F314A9-E532-4D2C-9940-7E09B8EC4224}"
EndProject
Global
	GlobalSection(SolutionConfigurationPlatforms) = preSolution
		Debug|Any CPU = Debug|Any CPU
		Release|Any CPU = Release|Any CPU
	EndGlobalSection
	GlobalSection(ProjectConfigurationPlatforms) = postSolution
		{41F01C5A-A5E0-4D86-86B0-CAADA3DDCFF2}.Debug|Any CPU.ActiveCfg = Debug|Any CPU
		{41F01C5A-A5E0-4D86-86B0-CAADA3DDCFF2}.Debug|Any CPU.Build.0 = Debug|Any CPU
		{41F01C5A-A5E0-4D86-86B0-CAADA3DDCFF2}.Release|Any CPU.ActiveCfg = Release|Any CPU
		{41F01C5A-A5E0-4D86-86B0-CAADA3DDCFF2}.Release|Any CPU.Build.0 = Release|Any CPU
		{88956FB4-4336-4A35-8A93-9FAC148518BB}.Debug|Any CPU.ActiveCfg = Debug|Any CPU
		{88956FB4-4336-4A35-8A93-9FAC148518BB}.Debug|Any CPU.Build.0 = Debug|Any CPU
		{88956FB4-4336-4A35-8A93-9FAC148518BB}.Release|Any CPU.ActiveCfg = Release|Any CPU
		{88956FB4-4336-4A35-8A93-9FAC148518BB}.Release|Any CPU.Build.0 = Release|Any CPU
		{064AB5E3-6931-4505-A766-5D80963D6F1C}.Debug|Any CPU.ActiveCfg = Debug|Any CPU
		{064AB5E3-6931-4505-A766-5D80963D6F1C}.Debug|Any CPU.Build.0 = Debug|Any CPU
		{064AB5E3-6931-4505-A766-5D80963D6F1C}.Release|Any CPU.ActiveCfg = Release|Any CPU
		{064AB5E3-6931-4505-A766-5D80963D6F1C}.Release|Any CPU.Build.0 = Release|Any CPU
		{CC79289A-2563-40B8-895C-3CDA56BA4956}.Debug|Any CPU.ActiveCfg = Debug|Any CPU
		{CC79289A-2563-40B8-895C-3CDA56BA4956}.Debug|Any CPU.Build.0 = Debug|Any CPU
		{CC79289A-2563-40B8-895C-3CDA56BA4956}.Release|Any CPU.ActiveCfg = Release|Any CPU
		{CC79289A-2563-40B8-895C-3CDA56BA4956}.Release|Any CPU.Build.0 = Release|Any CPU
		{E0D65CA9-810F-4FEC-9CB8-D8943FF28A9D}.Debug|Any CPU.ActiveCfg = Debug|Any CPU
		{E0D65CA9-810F-4FEC-9CB8-D8943FF28A9D}.Debug|Any CPU.Build.0 = Debug|Any CPU
		{E0D65CA9-810F-4FEC-9CB8-D8943FF28A9D}.Release|Any CPU.ActiveCfg = Release|Any CPU
		{E0D65CA9-810F-4FEC-9CB8-D8943FF28A9D}.Release|Any CPU.Build.0 = Release|Any CPU
		{19AB48B0-82F2-473A-9670-6A9DCEF79D85}.Debug|Any CPU.ActiveCfg = Debug|Any CPU
		{19AB48B0-82F2-473A-9670-6A9DCEF79D85}.Debug|Any CPU.Build.0 = Debug|Any CPU
		{19AB48B0-82F2-473A-9670-6A9DCEF79D85}.Release|Any CPU.ActiveCfg = Release|Any CPU
		{19AB48B0-82F2-473A-9670-6A9DCEF79D85}.Release|Any CPU.Build.0 = Release|Any CPU
		{2A9D519F-7219-46E0-9BFC-D7BCCB2BF9CB}.Debug|Any CPU.ActiveCfg = Debug|Any CPU
		{2A9D519F-7219-46E0-9BFC-D7BCCB2BF9CB}.Debug|Any CPU.Build.0 = Debug|Any CPU
		{2A9D519F-7219-46E0-9BFC-D7BCCB2BF9CB}.Release|Any CPU.ActiveCfg = Release|Any CPU
		{2A9D519F-7219-46E0-9BFC-D7BCCB2BF9CB}.Release|Any CPU.Build.0 = Release|Any CPU
		{FF677971-895C-4F00-BF0A-E876928D2BCC}.Debug|Any CPU.ActiveCfg = Debug|Any CPU
		{FF677971-895C-4F00-BF0A-E876928D2BCC}.Debug|Any CPU.Build.0 = Debug|Any CPU
		{FF677971-895C-4F00-BF0A-E876928D2BCC}.Release|Any CPU.ActiveCfg = Release|Any CPU
		{FF677971-895C-4F00-BF0A-E876928D2BCC}.Release|Any CPU.Build.0 = Release|Any CPU
		{58655F1D-59BD-4E64-A0E9-B7FCF7A6BFA8}.Debug|Any CPU.ActiveCfg = Debug|Any CPU
		{58655F1D-59BD-4E64-A0E9-B7FCF7A6BFA8}.Debug|Any CPU.Build.0 = Debug|Any CPU
		{58655F1D-59BD-4E64-A0E9-B7FCF7A6BFA8}.Release|Any CPU.ActiveCfg = Release|Any CPU
		{58655F1D-59BD-4E64-A0E9-B7FCF7A6BFA8}.Release|Any CPU.Build.0 = Release|Any CPU
		{D75BB2E9-59A6-4485-B8A4-849938BA39EE}.Debug|Any CPU.ActiveCfg = Debug|Any CPU
		{D75BB2E9-59A6-4485-B8A4-849938BA39EE}.Debug|Any CPU.Build.0 = Debug|Any CPU
		{D75BB2E9-59A6-4485-B8A4-849938BA39EE}.Release|Any CPU.ActiveCfg = Release|Any CPU
		{D75BB2E9-59A6-4485-B8A4-849938BA39EE}.Release|Any CPU.Build.0 = Release|Any CPU
		{3606F033-DE84-4990-86D7-CB61956F5952}.Debug|Any CPU.ActiveCfg = Debug|Any CPU
		{3606F033-DE84-4990-86D7-CB61956F5952}.Debug|Any CPU.Build.0 = Debug|Any CPU
		{3606F033-DE84-4990-86D7-CB61956F5952}.Release|Any CPU.ActiveCfg = Release|Any CPU
		{3606F033-DE84-4990-86D7-CB61956F5952}.Release|Any CPU.Build.0 = Release|Any CPU
		{D2F314A9-E532-4D2C-9940-7E09B8EC4224}.Debug|Any CPU.ActiveCfg = Debug|Any CPU
		{D2F314A9-E532-4D2C-9940-7E09B8EC4224}.Debug|Any CPU.Build.0 = Debug|Any CPU
		{D2F314A9-E532-4D2C-9940-7E09B8EC4224}.Release|Any CPU.ActiveCfg = Release|Any CPU
		{D2F314A9-E532-4D2C-9940-7E09B8EC4224}.Release|Any CPU.Build.0 = Release|Any CPU
	EndGlobalSection
	GlobalSection(SolutionProperties) = preSolution
		HideSolutionNode = FALSE
	EndGlobalSection
	GlobalSection(NestedProjects) = preSolution
		{064AB5E3-6931-4505-A766-5D80963D6F1C} = {22291E18-C83D-47AC-80E4-0689063C5B68}
		{CC79289A-2563-40B8-895C-3CDA56BA4956} = {22291E18-C83D-47AC-80E4-0689063C5B68}
		{E0D65CA9-810F-4FEC-9CB8-D8943FF28A9D} = {22291E18-C83D-47AC-80E4-0689063C5B68}
	EndGlobalSection
EndGlobal
