
Microsoft Visual Studio Solution File, Format Version 11.00
# Visual Studio 2010
Project("{2150E333-8FDC-42A3-9474-1A3956D46DE8}") = "Desktop", "Desktop", "{E6DD0FDE-35EE-46FA-BDB7-1D06A10D1609}"
EndProject
Project("{2150E333-8FDC-42A3-9474-1A3956D46DE8}") = "Silverlight", "Silverlight", "{8BFA7998-E5F7-465C-8C6E-8DA947EF8D98}"
EndProject
Project("{2150E333-8FDC-42A3-9474-1A3956D46DE8}") = "Solution Items", "Solution Items", "{97044CFC-902C-4C82-9323-AE402F8439C1}"
	ProjectSection(SolutionItems) = preProject
		CompositeApplicationLibrary.ruleset = CompositeApplicationLibrary.ruleset
		Local.testsettings = Local.testsettings
		LocalTestRun.testrunconfig = LocalTestRun.testrunconfig
		TraceAndTestImpact.testsettings = TraceAndTestImpact.testsettings
	EndProjectSection
EndProject
Project("{FAE04EC0-301F-11D3-BF4B-00C04F79EFBC}") = "Composite.Silverlight", "Silverlight\Composite\Composite.Silverlight.csproj", "{CC79289A-2563-40B8-895C-3CDA56BA4956}"
EndProject
Project("{FAE04EC0-301F-11D3-BF4B-00C04F79EFBC}") = "Composite.Silverlight.Tests", "Silverlight\Composite.Tests\Composite.Silverlight.Tests.csproj", "{948D0452-B1DF-473B-A616-EC7259F1C0FC}"
EndProject
Project("{FAE04EC0-301F-11D3-BF4B-00C04F79EFBC}") = "Composite.Desktop", "Desktop\Composite\Composite.Desktop.csproj", "{77138947-1D13-4E22-AEE0-5D0DD046CA34}"
EndProject
Project("{FAE04EC0-301F-11D3-BF4B-00C04F79EFBC}") = "Composite.Desktop.Tests", "Desktop\Composite.Tests\Composite.Desktop.Tests.csproj", "{7DB8E74D-214F-4840-B294-58372D369958}"
EndProject
Project("{FAE04EC0-301F-11D3-BF4B-00C04F79EFBC}") = "Composite.UnityExtensions.Desktop", "Desktop\Composite.UnityExtensions\Composite.UnityExtensions.Desktop.csproj", "{17831F3B-6B82-4916-BD2B-2CE2071EA622}"
EndProject
Project("{FAE04EC0-301F-11D3-BF4B-00C04F79EFBC}") = "Composite.UnityExtensions.Desktop.Tests", "Desktop\Composite.UnityExtensions.Tests\Composite.UnityExtensions.Desktop.Tests.csproj", "{75511F4B-2602-4623-945C-AF8156B51F4E}"
EndProject
Project("{FAE04EC0-301F-11D3-BF4B-00C04F79EFBC}") = "Composite.Presentation.Desktop", "Desktop\Composite.Presentation\Composite.Presentation.Desktop.csproj", "{F807062D-6FC9-4FF0-A9F5-5F94653EDC4D}"
EndProject
Project("{FAE04EC0-301F-11D3-BF4B-00C04F79EFBC}") = "Composite.Presentation.Desktop.Tests", "Desktop\Composite.Presentation.Tests\Composite.Presentation.Desktop.Tests.csproj", "{BBC4F378-C99A-4F50-B0E6-E3B97B9F22CC}"
EndProject
Project("{FAE04EC0-301F-11D3-BF4B-00C04F79EFBC}") = "Composite.UnityExtensions.Silverlight", "Silverlight\Composite.UnityExtensions\Composite.UnityExtensions.Silverlight.csproj", "{BFEE6E53-23C2-46BB-8E6B-AE6398F39BB5}"
EndProject
Project("{FAE04EC0-301F-11D3-BF4B-00C04F79EFBC}") = "Composite.UnityExtensions.Silverlight.Tests", "Silverlight\Composite.UnityExtensions.Tests\Composite.UnityExtensions.Silverlight.Tests.csproj", "{0CA04DAA-ABFF-4B5B-856B-243383E5351D}"
EndProject
Project("{FAE04EC0-301F-11D3-BF4B-00C04F79EFBC}") = "Composite.Presentation.Silverlight", "Silverlight\Composite.Presentation\Composite.Presentation.Silverlight.csproj", "{E0D65CA9-810F-4FEC-9CB8-D8943FF28A9D}"
EndProject
Project("{FAE04EC0-301F-11D3-BF4B-00C04F79EFBC}") = "Composite.Presentation.Silverlight.Tests", "Silverlight\Composite.Presentation.Tests\Composite.Presentation.Silverlight.Tests.csproj", "{CD653E0D-E36A-4B68-8DC3-3112E4E4C1B3}"
EndProject
Project("{FAE04EC0-301F-11D3-BF4B-00C04F79EFBC}") = "Composite.TestSupport", "Desktop\Composite.TestSupport\Composite.TestSupport.csproj", "{D1C75DE6-CB2B-401A-985C-033C4FABAD84}"
EndProject
Project("{FAE04EC0-301F-11D3-BF4B-00C04F79EFBC}") = "Composite.Silverlight.TestSupport", "Silverlight\Composite.TestSupport\Composite.Silverlight.TestSupport.csproj", "{6B49E97E-944C-40C9-B0C7-369C2B195D98}"
EndProject
Project("{FAE04EC0-301F-11D3-BF4B-00C04F79EFBC}") = "Composite.MefExtensions.Desktop", "Desktop\Composite.MefExtensions\Composite.MefExtensions.Desktop.csproj", "{6ED61550-8E7A-42C6-9B30-380C6F97ED55}"
EndProject
Project("{FAE04EC0-301F-11D3-BF4B-00C04F79EFBC}") = "Composite.MefExtensions.Desktop.Tests", "Desktop\Composite.MefExtensions.Tests\Composite.MefExtensions.Desktop.Tests.csproj", "{B9BD4B23-8163-4EF3-955F-02B9578C45BA}"
	ProjectSection(ProjectDependencies) = postProject
		{F6443399-3E76-4B51-964A-95A166239D56} = {F6443399-3E76-4B51-964A-95A166239D56}
	EndProjectSection
EndProject
Project("{FAE04EC0-301F-11D3-BF4B-00C04F79EFBC}") = "MefModulesForTesting", "Desktop\MefModulesForTesting\MefModulesForTesting.csproj", "{F6443399-3E76-4B51-964A-95A166239D56}"
EndProject
Project("{FAE04EC0-301F-11D3-BF4B-00C04F79EFBC}") = "Composite.MefExtensions.Silverlight", "Silverlight\Composite.MefExtensions\Composite.MefExtensions.Silverlight.csproj", "{064AB5E3-6931-4505-A766-5D80963D6F1C}"
EndProject
Project("{FAE04EC0-301F-11D3-BF4B-00C04F79EFBC}") = "Composite.MefExtensions.Silverlight.Tests", "Silverlight\Composite.MefExtensions.Tests\Composite.MefExtensions.Silverlight.Tests.csproj", "{A06FF57C-016C-40AB-8CA0-FC2EF676918B}"
	ProjectSection(ProjectDependencies) = postProject
		{F6443399-3E76-4B51-964A-95A166239D56} = {F6443399-3E76-4B51-964A-95A166239D56}
	EndProjectSection
EndProject
Global
	GlobalSection(TestCaseManagementSettings) = postSolution
		CategoryFile = CompositeApplicationLibrary.vsmdi
	EndGlobalSection
	GlobalSection(SolutionConfigurationPlatforms) = preSolution
		Debug|Any CPU = Debug|Any CPU
		Release|Any CPU = Release|Any CPU
	EndGlobalSection
	GlobalSection(ProjectConfigurationPlatforms) = postSolution
		{CC79289A-2563-40B8-895C-3CDA56BA4956}.Debug|Any CPU.ActiveCfg = Debug|Any CPU
		{CC79289A-2563-40B8-895C-3CDA56BA4956}.Debug|Any CPU.Build.0 = Debug|Any CPU
		{CC79289A-2563-40B8-895C-3CDA56BA4956}.Release|Any CPU.ActiveCfg = Release|Any CPU
		{CC79289A-2563-40B8-895C-3CDA56BA4956}.Release|Any CPU.Build.0 = Release|Any CPU
		{948D0452-B1DF-473B-A616-EC7259F1C0FC}.Debug|Any CPU.ActiveCfg = Debug|Any CPU
		{948D0452-B1DF-473B-A616-EC7259F1C0FC}.Debug|Any CPU.Build.0 = Debug|Any CPU
		{948D0452-B1DF-473B-A616-EC7259F1C0FC}.Release|Any CPU.ActiveCfg = Release|Any CPU
		{948D0452-B1DF-473B-A616-EC7259F1C0FC}.Release|Any CPU.Build.0 = Release|Any CPU
		{77138947-1D13-4E22-AEE0-5D0DD046CA34}.Debug|Any CPU.ActiveCfg = Debug|Any CPU
		{77138947-1D13-4E22-AEE0-5D0DD046CA34}.Debug|Any CPU.Build.0 = Debug|Any CPU
		{77138947-1D13-4E22-AEE0-5D0DD046CA34}.Release|Any CPU.ActiveCfg = Release|Any CPU
		{77138947-1D13-4E22-AEE0-5D0DD046CA34}.Release|Any CPU.Build.0 = Release|Any CPU
		{7DB8E74D-214F-4840-B294-58372D369958}.Debug|Any CPU.ActiveCfg = Debug|Any CPU
		{7DB8E74D-214F-4840-B294-58372D369958}.Debug|Any CPU.Build.0 = Debug|Any CPU
		{7DB8E74D-214F-4840-B294-58372D369958}.Release|Any CPU.ActiveCfg = Release|Any CPU
		{7DB8E74D-214F-4840-B294-58372D369958}.Release|Any CPU.Build.0 = Release|Any CPU
		{17831F3B-6B82-4916-BD2B-2CE2071EA622}.Debug|Any CPU.ActiveCfg = Debug|Any CPU
		{17831F3B-6B82-4916-BD2B-2CE2071EA622}.Debug|Any CPU.Build.0 = Debug|Any CPU
		{17831F3B-6B82-4916-BD2B-2CE2071EA622}.Release|Any CPU.ActiveCfg = Release|Any CPU
		{17831F3B-6B82-4916-BD2B-2CE2071EA622}.Release|Any CPU.Build.0 = Release|Any CPU
		{75511F4B-2602-4623-945C-AF8156B51F4E}.Debug|Any CPU.ActiveCfg = Debug|Any CPU
		{75511F4B-2602-4623-945C-AF8156B51F4E}.Debug|Any CPU.Build.0 = Debug|Any CPU
		{75511F4B-2602-4623-945C-AF8156B51F4E}.Release|Any CPU.ActiveCfg = Release|Any CPU
		{75511F4B-2602-4623-945C-AF8156B51F4E}.Release|Any CPU.Build.0 = Release|Any CPU
		{F807062D-6FC9-4FF0-A9F5-5F94653EDC4D}.Debug|Any CPU.ActiveCfg = Debug|Any CPU
		{F807062D-6FC9-4FF0-A9F5-5F94653EDC4D}.Debug|Any CPU.Build.0 = Debug|Any CPU
		{F807062D-6FC9-4FF0-A9F5-5F94653EDC4D}.Release|Any CPU.ActiveCfg = Release|Any CPU
		{F807062D-6FC9-4FF0-A9F5-5F94653EDC4D}.Release|Any CPU.Build.0 = Release|Any CPU
		{BBC4F378-C99A-4F50-B0E6-E3B97B9F22CC}.Debug|Any CPU.ActiveCfg = Debug|Any CPU
		{BBC4F378-C99A-4F50-B0E6-E3B97B9F22CC}.Debug|Any CPU.Build.0 = Debug|Any CPU
		{BBC4F378-C99A-4F50-B0E6-E3B97B9F22CC}.Release|Any CPU.ActiveCfg = Release|Any CPU
		{BBC4F378-C99A-4F50-B0E6-E3B97B9F22CC}.Release|Any CPU.Build.0 = Release|Any CPU
		{BFEE6E53-23C2-46BB-8E6B-AE6398F39BB5}.Debug|Any CPU.ActiveCfg = Debug|Any CPU
		{BFEE6E53-23C2-46BB-8E6B-AE6398F39BB5}.Debug|Any CPU.Build.0 = Debug|Any CPU
		{BFEE6E53-23C2-46BB-8E6B-AE6398F39BB5}.Release|Any CPU.ActiveCfg = Release|Any CPU
		{BFEE6E53-23C2-46BB-8E6B-AE6398F39BB5}.Release|Any CPU.Build.0 = Release|Any CPU
		{0CA04DAA-ABFF-4B5B-856B-243383E5351D}.Debug|Any CPU.ActiveCfg = Debug|Any CPU
		{0CA04DAA-ABFF-4B5B-856B-243383E5351D}.Debug|Any CPU.Build.0 = Debug|Any CPU
		{0CA04DAA-ABFF-4B5B-856B-243383E5351D}.Release|Any CPU.ActiveCfg = Release|Any CPU
		{0CA04DAA-ABFF-4B5B-856B-243383E5351D}.Release|Any CPU.Build.0 = Release|Any CPU
		{E0D65CA9-810F-4FEC-9CB8-D8943FF28A9D}.Debug|Any CPU.ActiveCfg = Debug|Any CPU
		{E0D65CA9-810F-4FEC-9CB8-D8943FF28A9D}.Debug|Any CPU.Build.0 = Debug|Any CPU
		{E0D65CA9-810F-4FEC-9CB8-D8943FF28A9D}.Release|Any CPU.ActiveCfg = Release|Any CPU
		{E0D65CA9-810F-4FEC-9CB8-D8943FF28A9D}.Release|Any CPU.Build.0 = Release|Any CPU
		{CD653E0D-E36A-4B68-8DC3-3112E4E4C1B3}.Debug|Any CPU.ActiveCfg = Debug|Any CPU
		{CD653E0D-E36A-4B68-8DC3-3112E4E4C1B3}.Debug|Any CPU.Build.0 = Debug|Any CPU
		{CD653E0D-E36A-4B68-8DC3-3112E4E4C1B3}.Release|Any CPU.ActiveCfg = Release|Any CPU
		{CD653E0D-E36A-4B68-8DC3-3112E4E4C1B3}.Release|Any CPU.Build.0 = Release|Any CPU
		{D1C75DE6-CB2B-401A-985C-033C4FABAD84}.Debug|Any CPU.ActiveCfg = Debug|Any CPU
		{D1C75DE6-CB2B-401A-985C-033C4FABAD84}.Debug|Any CPU.Build.0 = Debug|Any CPU
		{D1C75DE6-CB2B-401A-985C-033C4FABAD84}.Release|Any CPU.ActiveCfg = Release|Any CPU
		{D1C75DE6-CB2B-401A-985C-033C4FABAD84}.Release|Any CPU.Build.0 = Release|Any CPU
		{6B49E97E-944C-40C9-B0C7-369C2B195D98}.Debug|Any CPU.ActiveCfg = Debug|Any CPU
		{6B49E97E-944C-40C9-B0C7-369C2B195D98}.Debug|Any CPU.Build.0 = Debug|Any CPU
		{6B49E97E-944C-40C9-B0C7-369C2B195D98}.Release|Any CPU.ActiveCfg = Release|Any CPU
		{6B49E97E-944C-40C9-B0C7-369C2B195D98}.Release|Any CPU.Build.0 = Release|Any CPU
		{6ED61550-8E7A-42C6-9B30-380C6F97ED55}.Debug|Any CPU.ActiveCfg = Debug|Any CPU
		{6ED61550-8E7A-42C6-9B30-380C6F97ED55}.Debug|Any CPU.Build.0 = Debug|Any CPU
		{6ED61550-8E7A-42C6-9B30-380C6F97ED55}.Release|Any CPU.ActiveCfg = Release|Any CPU
		{6ED61550-8E7A-42C6-9B30-380C6F97ED55}.Release|Any CPU.Build.0 = Release|Any CPU
		{B9BD4B23-8163-4EF3-955F-02B9578C45BA}.Debug|Any CPU.ActiveCfg = Debug|Any CPU
		{B9BD4B23-8163-4EF3-955F-02B9578C45BA}.Debug|Any CPU.Build.0 = Debug|Any CPU
		{B9BD4B23-8163-4EF3-955F-02B9578C45BA}.Release|Any CPU.ActiveCfg = Release|Any CPU
		{B9BD4B23-8163-4EF3-955F-02B9578C45BA}.Release|Any CPU.Build.0 = Release|Any CPU
		{F6443399-3E76-4B51-964A-95A166239D56}.Debug|Any CPU.ActiveCfg = Debug|Any CPU
		{F6443399-3E76-4B51-964A-95A166239D56}.Debug|Any CPU.Build.0 = Debug|Any CPU
		{F6443399-3E76-4B51-964A-95A166239D56}.Release|Any CPU.ActiveCfg = Release|Any CPU
		{F6443399-3E76-4B51-964A-95A166239D56}.Release|Any CPU.Build.0 = Release|Any CPU
		{064AB5E3-6931-4505-A766-5D80963D6F1C}.Debug|Any CPU.ActiveCfg = Debug|Any CPU
		{064AB5E3-6931-4505-A766-5D80963D6F1C}.Debug|Any CPU.Build.0 = Debug|Any CPU
		{064AB5E3-6931-4505-A766-5D80963D6F1C}.Release|Any CPU.ActiveCfg = Release|Any CPU
		{064AB5E3-6931-4505-A766-5D80963D6F1C}.Release|Any CPU.Build.0 = Release|Any CPU
		{A06FF57C-016C-40AB-8CA0-FC2EF676918B}.Debug|Any CPU.ActiveCfg = Debug|Any CPU
		{A06FF57C-016C-40AB-8CA0-FC2EF676918B}.Debug|Any CPU.Build.0 = Debug|Any CPU
		{A06FF57C-016C-40AB-8CA0-FC2EF676918B}.Release|Any CPU.ActiveCfg = Release|Any CPU
		{A06FF57C-016C-40AB-8CA0-FC2EF676918B}.Release|Any CPU.Build.0 = Release|Any CPU
	EndGlobalSection
	GlobalSection(SolutionProperties) = preSolution
		HideSolutionNode = FALSE
	EndGlobalSection
	GlobalSection(NestedProjects) = preSolution
		{77138947-1D13-4E22-AEE0-5D0DD046CA34} = {E6DD0FDE-35EE-46FA-BDB7-1D06A10D1609}
		{7DB8E74D-214F-4840-B294-58372D369958} = {E6DD0FDE-35EE-46FA-BDB7-1D06A10D1609}
		{17831F3B-6B82-4916-BD2B-2CE2071EA622} = {E6DD0FDE-35EE-46FA-BDB7-1D06A10D1609}
		{75511F4B-2602-4623-945C-AF8156B51F4E} = {E6DD0FDE-35EE-46FA-BDB7-1D06A10D1609}
		{F807062D-6FC9-4FF0-A9F5-5F94653EDC4D} = {E6DD0FDE-35EE-46FA-BDB7-1D06A10D1609}
		{BBC4F378-C99A-4F50-B0E6-E3B97B9F22CC} = {E6DD0FDE-35EE-46FA-BDB7-1D06A10D1609}
		{D1C75DE6-CB2B-401A-985C-033C4FABAD84} = {E6DD0FDE-35EE-46FA-BDB7-1D06A10D1609}
		{6ED61550-8E7A-42C6-9B30-380C6F97ED55} = {E6DD0FDE-35EE-46FA-BDB7-1D06A10D1609}
		{B9BD4B23-8163-4EF3-955F-02B9578C45BA} = {E6DD0FDE-35EE-46FA-BDB7-1D06A10D1609}
		{F6443399-3E76-4B51-964A-95A166239D56} = {E6DD0FDE-35EE-46FA-BDB7-1D06A10D1609}
		{CC79289A-2563-40B8-895C-3CDA56BA4956} = {8BFA7998-E5F7-465C-8C6E-8DA947EF8D98}
		{948D0452-B1DF-473B-A616-EC7259F1C0FC} = {8BFA7998-E5F7-465C-8C6E-8DA947EF8D98}
		{BFEE6E53-23C2-46BB-8E6B-AE6398F39BB5} = {8BFA7998-E5F7-465C-8C6E-8DA947EF8D98}
		{0CA04DAA-ABFF-4B5B-856B-243383E5351D} = {8BFA7998-E5F7-465C-8C6E-8DA947EF8D98}
		{E0D65CA9-810F-4FEC-9CB8-D8943FF28A9D} = {8BFA7998-E5F7-465C-8C6E-8DA947EF8D98}
		{CD653E0D-E36A-4B68-8DC3-3112E4E4C1B3} = {8BFA7998-E5F7-465C-8C6E-8DA947EF8D98}
		{6B49E97E-944C-40C9-B0C7-369C2B195D98} = {8BFA7998-E5F7-465C-8C6E-8DA947EF8D98}
		{064AB5E3-6931-4505-A766-5D80963D6F1C} = {8BFA7998-E5F7-465C-8C6E-8DA947EF8D98}
		{A06FF57C-016C-40AB-8CA0-FC2EF676918B} = {8BFA7998-E5F7-465C-8C6E-8DA947EF8D98}
	EndGlobalSection
EndGlobal
