
Microsoft Visual Studio Solution File, Format Version 11.00
# Visual Studio 2010
Project("{FAE04EC0-301F-11D3-BF4B-00C04F79EFBC}") = "BasicMVVM", "BasicMVVM\BasicMVVM.csproj", "{5071C191-7663-422C-AE32-4B638F6C12FA}"
EndProject
Project("{FAE04EC0-301F-11D3-BF4B-00C04F79EFBC}") = "BasicMVVM.Test", "BasicMVVM.Test\BasicMVVM.Test.csproj", "{2399D68D-7791-4979-B1F7-FD17A6399E2B}"
EndProject
Global
	GlobalSection(SolutionConfigurationPlatforms) = preSolution
		Debug|Any CPU = Debug|Any CPU
		Release|Any CPU = Release|Any CPU
	EndGlobalSection
	GlobalSection(ProjectConfigurationPlatforms) = postSolution
		{5071C191-7663-422C-AE32-4B638F6C12FA}.Debug|Any CPU.ActiveCfg = Debug|Any CPU
		{5071C191-7663-422C-AE32-4B638F6C12FA}.Debug|Any CPU.Build.0 = Debug|Any CPU
		{5071C191-7663-422C-AE32-4B638F6C12FA}.Release|Any CPU.ActiveCfg = Release|Any CPU
		{5071C191-7663-422C-AE32-4B638F6C12FA}.Release|Any CPU.Build.0 = Release|Any CPU
		{2399D68D-7791-4979-B1F7-FD17A6399E2B}.Debug|Any CPU.ActiveCfg = Debug|Any CPU
		{2399D68D-7791-4979-B1F7-FD17A6399E2B}.Debug|Any CPU.Build.0 = Debug|Any CPU
		{2399D68D-7791-4979-B1F7-FD17A6399E2B}.Release|Any CPU.ActiveCfg = Release|Any CPU
		{2399D68D-7791-4979-B1F7-FD17A6399E2B}.Release|Any CPU.Build.0 = Release|Any CPU
	EndGlobalSection
	GlobalSection(SolutionProperties) = preSolution
		HideSolutionNode = FALSE
	EndGlobalSection
EndGlobal
